<?xml version="1.0" encoding="utf-8"?>
<Project ToolsVersion="4.0" xmlns="http://schemas.microsoft.com/developer/msbuild/2003">
  <ItemGroup>
    <Filter Include="소스 파일">
      <UniqueIdentifier>{4FC737F1-C7A5-4376-A066-2A32D752A2FF}</UniqueIdentifier>
      <Extensions>cpp;c;cc;cxx;c++;cppm;ixx;def;odl;idl;hpj;bat;asm;asmx</Extensions>
    </Filter>
    <Filter Include="헤더 파일">
      <UniqueIdentifier>{93995380-89BD-4b04-88EB-625FBE52EBFB}</UniqueIdentifier>
      <Extensions>h;hh;hpp;hxx;h++;hm;inl;inc;ipp;xsd</Extensions>
    </Filter>
    <Filter Include="리소스 파일">
      <UniqueIdentifier>{67DA6AB6-F800-4c08-8B7A-83BB121AAD01}</UniqueIdentifier>
      <Extensions>rc;ico;cur;bmp;dlg;rc2;rct;bin;rgs;gif;jpg;jpeg;jpe;resx;tiff;tif;png;wav;mfcribbon-ms</Extensions>
    </Filter>
    <Filter Include="동물리스트">
      <UniqueIdentifier>{c30e7d38-386c-4ef8-9073-125f816863a5}</UniqueIdentifier>
    </Filter>
    <Filter Include="몬스터">
      <UniqueIdentifier>{0ac71a6d-a8a1-4484-87a7-c40553c762b7}</UniqueIdentifier>
    </Filter>
    <Filter Include="Maze">
      <UniqueIdentifier>{bb57ad6d-bea4-48d3-b54b-60e39420da7c}</UniqueIdentifier>
    </Filter>
    <Filter Include="클래스 예시">
      <UniqueIdentifier>{579714f4-9637-47bd-9f0d-93710d43346c}</UniqueIdentifier>
    </Filter>
    <Filter Include="자료 구조">
      <UniqueIdentifier>{b3bad587-126b-41da-8196-7859eff0e686}</UniqueIdentifier>
    </Filter>
    <Filter Include="BattleShip">
      <UniqueIdentifier>{01bad089-547e-4941-b981-570ffb6c83f7}</UniqueIdentifier>
    </Filter>
  </ItemGroup>
  <ItemGroup>
    <ClCompile Include="Main.cpp">
      <Filter>소스 파일</Filter>
    </ClCompile>
    <ClCompile Include="Practice.cpp">
      <Filter>소스 파일</Filter>
    </ClCompile>
    <ClCompile Include="Day2025.09.12_Struct.cpp">
      <Filter>소스 파일</Filter>
    </ClCompile>
    <ClCompile Include="Day2025.09.13 DayLeapYear.cpp">
      <Filter>소스 파일</Filter>
    </ClCompile>
    <ClCompile Include="Day2025.09.14 Blackjack.cpp">
      <Filter>소스 파일</Filter>
    </ClCompile>
    <ClCompile Include="Day2025.09.15 BlackJack.cpp">
      <Filter>소스 파일</Filter>
    </ClCompile>
    <ClCompile Include="Position.cpp">
      <Filter>소스 파일</Filter>
    </ClCompile>
    <ClCompile Include="Day2025.09.16 Object.cpp">
      <Filter>소스 파일</Filter>
    </ClCompile>
    <ClCompile Include="Animal.cpp">
      <Filter>동물리스트</Filter>
    </ClCompile>
    <ClCompile Include="Tiger.cpp">
      <Filter>동물리스트</Filter>
    </ClCompile>
    <ClCompile Include="Bear.cpp">
      <Filter>동물리스트</Filter>
    </ClCompile>
    <ClCompile Include="Lion.cpp">
      <Filter>동물리스트</Filter>
    </ClCompile>
    <ClCompile Include="Monster.cpp">
      <Filter>몬스터</Filter>
    </ClCompile>
    <ClCompile Include="Goblin.cpp">
      <Filter>몬스터</Filter>
    </ClCompile>
    <ClCompile Include="Day2025.09.12_Maze_Struct.cpp">
      <Filter>Maze</Filter>
    </ClCompile>
    <ClCompile Include="Day2025.09.11_Maze.cpp">
      <Filter>Maze</Filter>
    </ClCompile>
    <ClCompile Include="Orc.cpp">
      <Filter>몬스터</Filter>
    </ClCompile>
    <ClCompile Include="Troll.cpp">
      <Filter>몬스터</Filter>
    </ClCompile>
    <ClCompile Include="MazeGame.cpp">
      <Filter>Maze</Filter>
    </ClCompile>
    <ClCompile Include="Player.cpp">
      <Filter>Maze</Filter>
    </ClCompile>
    <ClCompile Include="Actor.cpp">
      <Filter>Maze</Filter>
    </ClCompile>
    <ClCompile Include="Day20250917.cpp">
      <Filter>소스 파일</Filter>
    </ClCompile>
    <ClCompile Include="Hawk.cpp">
      <Filter>동물리스트</Filter>
    </ClCompile>
    <ClCompile Include="Car.cpp">
      <Filter>클래스 예시</Filter>
    </ClCompile>
    <ClCompile Include="Dog.cpp">
      <Filter>동물리스트</Filter>
    </ClCompile>
    <ClCompile Include="Shape.cpp">
      <Filter>클래스 예시</Filter>
    </ClCompile>
    <ClCompile Include="Day20250918_List.cpp">
      <Filter>소스 파일</Filter>
    </ClCompile>
    <ClCompile Include="LinkedList.cpp">
      <Filter>자료 구조</Filter>
    </ClCompile>
    <ClCompile Include="FixedStack.cpp">
      <Filter>자료 구조</Filter>
    </ClCompile>
    <ClCompile Include="Day20250919_Stack.cpp">
      <Filter>소스 파일</Filter>
    </ClCompile>
    <ClCompile Include="CircularQueue.cpp">
      <Filter>자료 구조</Filter>
    </ClCompile>
    <ClCompile Include="CircularQueue2.cpp">
      <Filter>자료 구조</Filter>
    </ClCompile>
    <ClCompile Include="BattleShip.cpp">
      <Filter>BattleShip</Filter>
    </ClCompile>
    <ClCompile Include="BattleBoard.cpp">
      <Filter>BattleShip</Filter>
    </ClCompile>
  </ItemGroup>
  <ItemGroup>
    <ClInclude Include="Main.h">
      <Filter>헤더 파일</Filter>
    </ClInclude>
    <ClInclude Include="Practice.h">
      <Filter>헤더 파일</Filter>
    </ClInclude>
    <ClInclude Include="Day2025.09.12_Struct.h">
      <Filter>헤더 파일</Filter>
    </ClInclude>
    <ClInclude Include="Day2025.09.13 DayLeapYear.h">
      <Filter>헤더 파일</Filter>
    </ClInclude>
    <ClInclude Include="Day2025.09.14 Blackjack.h">
      <Filter>헤더 파일</Filter>
    </ClInclude>
    <ClInclude Include="Day2025.09.15 BlackJack.h">
      <Filter>헤더 파일</Filter>
    </ClInclude>
    <ClInclude Include="Position.h">
      <Filter>헤더 파일</Filter>
    </ClInclude>
    <ClInclude Include="Day2025.09.16 Object.h">
      <Filter>헤더 파일</Filter>
    </ClInclude>
    <ClInclude Include="Tiger.h">
      <Filter>동물리스트</Filter>
    </ClInclude>
    <ClInclude Include="Animal.h">
      <Filter>동물리스트</Filter>
    </ClInclude>
    <ClInclude Include="Bear.h">
      <Filter>동물리스트</Filter>
    </ClInclude>
    <ClInclude Include="Lion.h">
      <Filter>동물리스트</Filter>
    </ClInclude>
    <ClInclude Include="Monster.h">
      <Filter>몬스터</Filter>
    </ClInclude>
    <ClInclude Include="Goblin.h">
      <Filter>몬스터</Filter>
    </ClInclude>
    <ClInclude Include="Day2025.09.11_Maze.h">
      <Filter>Maze</Filter>
    </ClInclude>
    <ClInclude Include="Day2025.09.12_Maze_Struct.h">
      <Filter>Maze</Filter>
    </ClInclude>
    <ClInclude Include="Orc.h">
      <Filter>몬스터</Filter>
    </ClInclude>
    <ClInclude Include="Troll.h">
      <Filter>몬스터</Filter>
    </ClInclude>
    <ClInclude Include="MazeGame.h">
      <Filter>Maze</Filter>
    </ClInclude>
    <ClInclude Include="Player.h">
      <Filter>Maze</Filter>
    </ClInclude>
    <ClInclude Include="Actor.h">
      <Filter>Maze</Filter>
    </ClInclude>
    <ClInclude Include="Day20250917.h">
      <Filter>헤더 파일</Filter>
    </ClInclude>
    <ClInclude Include="Hawk.h">
      <Filter>동물리스트</Filter>
    </ClInclude>
    <ClInclude Include="TestSample가상함수.h">
      <Filter>클래스 예시</Filter>
    </ClInclude>
    <ClInclude Include="Car.h">
      <Filter>클래스 예시</Filter>
    </ClInclude>
    <ClInclude Include="Dog.h">
      <Filter>동물리스트</Filter>
    </ClInclude>
    <ClInclude Include="Shape.h">
      <Filter>클래스 예시</Filter>
    </ClInclude>
    <ClInclude Include="IFlayable.h">
      <Filter>동물리스트</Filter>
    </ClInclude>
    <ClInclude Include="ICanBattle.h">
      <Filter>클래스 예시</Filter>
    </ClInclude>
    <ClInclude Include="MazeBattle.h">
      <Filter>Maze</Filter>
    </ClInclude>
    <ClInclude Include="Day20250918_List.h">
      <Filter>헤더 파일</Filter>
    </ClInclude>
    <ClInclude Include="LinkedList.h">
      <Filter>자료 구조</Filter>
    </ClInclude>
    <ClInclude Include="FixedStack.h">
      <Filter>자료 구조</Filter>
    </ClInclude>
    <ClInclude Include="Day20250919_Stack.h">
      <Filter>헤더 파일</Filter>
    </ClInclude>
    <ClInclude Include="CircularQueue.h">
      <Filter>자료 구조</Filter>
    </ClInclude>
    <ClInclude Include="CircularQueue2.h">
      <Filter>자료 구조</Filter>
    </ClInclude>
    <ClInclude Include="BattleShip.h">
      <Filter>BattleShip</Filter>
    </ClInclude>
    <ClInclude Include="BattleBoard.h">
      <Filter>BattleShip</Filter>
    </ClInclude>
  </ItemGroup>
</Project>